
Microsoft Visual Studio Solution File, Format Version 12.00
# Visual Studio 15
VisualStudioVersion = 15.0.27604.0
MinimumVisualStudioVersion = 10.0.40219.1
Project("{FAE04EC0-301F-11D3-BF4B-00C04F79EFBC}") = "MvcApp_NetFramework", "MvcApp_NetFramework\MvcApp_NetFramework.csproj", "{77A7A621-0DCC-4792-9D2C-A698BB05F689}"
EndProject
Project("{FAE04EC0-301F-11D3-BF4B-00C04F79EFBC}") = "MvcApp_NetCore", "MvcApp_NetCore\MvcApp_NetCore.csproj", "{E9713E7C-9B2F-466C-BE36-D965FF713E4E}"
EndProject
Global
	GlobalSection(SolutionConfigurationPlatforms) = preSolution
		Debug|Any CPU = Debug|Any CPU
		Release|Any CPU = Release|Any CPU
	EndGlobalSection
	GlobalSection(ProjectConfigurationPlatforms) = postSolution
		{77A7A621-0DCC-4792-9D2C-A698BB05F689}.Debug|Any CPU.ActiveCfg = Debug|Any CPU
		{77A7A621-0DCC-4792-9D2C-A698BB05F689}.Debug|Any CPU.Build.0 = Debug|Any CPU
		{77A7A621-0DCC-4792-9D2C-A698BB05F689}.Release|Any CPU.ActiveCfg = Release|Any CPU
		{77A7A621-0DCC-4792-9D2C-A698BB05F689}.Release|Any CPU.Build.0 = Release|Any CPU
		{E9713E7C-9B2F-466C-BE36-D965FF713E4E}.Debug|Any CPU.ActiveCfg = Debug|Any CPU
		{E9713E7C-9B2F-466C-BE36-D965FF713E4E}.Debug|Any CPU.Build.0 = Debug|Any CPU
		{E9713E7C-9B2F-466C-BE36-D965FF713E4E}.Release|Any CPU.ActiveCfg = Release|Any CPU
		{E9713E7C-9B2F-466C-BE36-D965FF713E4E}.Release|Any CPU.Build.0 = Release|Any CPU
	EndGlobalSection
	GlobalSection(SolutionProperties) = preSolution
		HideSolutionNode = FALSE
	EndGlobalSection
	GlobalSection(ExtensibilityGlobals) = postSolution
		SolutionGuid = {751F9189-277C-4E94-AF98-20A52AA363A9}
	EndGlobalSection
EndGlobal
